{
  "name": "lenses-for-mere-mortal",
  "version": "1.0.0",
  "lockfileVersion": 1,
  "requires": true,
  "dependencies": {
    "purs-tidy": {
      "version": "0.6.4",
      "resolved": "https://registry.npmjs.org/purs-tidy/-/purs-tidy-0.6.4.tgz",
      "integrity": "sha512-d+0wmUeMsLLg6DAVLyGfMjJ97I+iP1YHbq8Z74JSp4qTgvpXRLBtyvuXpwVgmowsaf5DwHj5jAg1La0Cr7JPxg==",
      "dev": true
    }
  }
}
